{
  "name": "api",
  "version": "1.0.0",
  "lockfileVersion": 3,
  "requires": true,
  "packages": {
    "": {
      "name": "api",
      "version": "1.0.0",
      "dependencies": {
        "@hono/zod-validator": "^0.4.3",
        "@neondatabase/serverless": "^0.10.4",
        "@scalar/hono-api-reference": "^0.7.2",
        "@types/jsonwebtoken": "^9.0.9",
        "better-auth": "^1.2.4",
        "dotenv": "^16.4.7",
        "dotenv-expand": "^12.0.1",
        "drizzle-orm": "^0.40.1",
        "drizzle-zod": "^0.7.0",
        "hono": "^4.7.4",
        "hono-openapi": "^0.4.6",
        "hono-pino": "^0.8.0",
        "jsonwebtoken": "^9.0.2",
        "pg": "^8.14.1",
        "pino": "^9.6.0",
        "pino-pretty": "^13.0.0",
        "stoker": "^1.4.2",
        "ws": "^8.18.1",
        "zod": "^3.24.2",
        "zod-openapi": "^4.2.3"
      },
      "devDependencies": {
        "@antfu/eslint-config": "^4.11.0",
        "@types/bun": "latest",
        "@types/pg": "^8.11.11",
        "@types/ws": "^8.18.0",
        "drizzle-kit": "^0.30.5",
        "eslint": "^9.23.0",
        "eslint-plugin-format": "^1.0.1",
        "tsx": "^4.19.3"
      }
    },
    "../../node_modules/.pnpm/@antfu+eslint-config@4.13.2_@vue+compiler-sfc@3.5.14_eslint-plugin-format@1.0.1_eslint@_6bf2f9b6e8c7b0f2f8962942d23957f0/node_modules/@antfu/eslint-config": {
      "version": "4.13.2",
      "dev": true,
      "license": "MIT",
      "dependencies": {
        "@antfu/install-pkg": "^1.1.0",
        "@clack/prompts": "^0.10.1",
        "@eslint-community/eslint-plugin-eslint-comments": "^4.5.0",
        "@eslint/markdown": "^6.4.0",
        "@stylistic/eslint-plugin": "^4.2.0",
        "@typescript-eslint/eslint-plugin": "^8.32.1",
        "@typescript-eslint/parser": "^8.32.1",
        "@vitest/eslint-plugin": "^1.2.0",
        "ansis": "^4.0.0",
        "cac": "^6.7.14",
        "eslint-config-flat-gitignore": "^2.1.0",
        "eslint-flat-config-utils": "^2.1.0",
        "eslint-merge-processors": "^2.0.0",
        "eslint-plugin-antfu": "^3.1.1",
        "eslint-plugin-command": "^3.2.0",
        "eslint-plugin-import-x": "^4.12.2",
        "eslint-plugin-jsdoc": "^50.6.17",
        "eslint-plugin-jsonc": "^2.20.1",
        "eslint-plugin-n": "^17.18.0",
        "eslint-plugin-no-only-tests": "^3.3.0",
        "eslint-plugin-perfectionist": "^4.13.0",
        "eslint-plugin-pnpm": "^0.3.1",
        "eslint-plugin-regexp": "^2.7.0",
        "eslint-plugin-toml": "^0.12.0",
        "eslint-plugin-unicorn": "^59.0.1",
        "eslint-plugin-unused-imports": "^4.1.4",
        "eslint-plugin-vue": "^10.1.0",
        "eslint-plugin-yml": "^1.18.0",
        "eslint-processor-vue-blocks": "^2.0.0",
        "globals": "^16.1.0",
        "jsonc-eslint-parser": "^2.4.0",
        "local-pkg": "^1.1.1",
        "parse-gitignore": "^2.0.0",
        "toml-eslint-parser": "^0.10.0",
        "vue-eslint-parser": "^10.1.3",
        "yaml-eslint-parser": "^1.3.0"
      },
      "bin": {
        "eslint-config": "bin/index.js"
      },
      "devDependencies": {
        "@antfu/eslint-config": "4.13.2",
        "@antfu/ni": "^24.4.0",
        "@eslint-react/eslint-plugin": "^1.49.0",
        "@eslint/config-inspector": "^1.0.2",
        "@prettier/plugin-xml": "^3.4.1",
        "@stylistic/eslint-plugin-migrate": "^4.2.0",
        "@types/node": "^22.15.21",
        "@unocss/eslint-plugin": "^66.1.2",
        "astro-eslint-parser": "^1.2.2",
        "bumpp": "^10.1.1",
        "eslint": "^9.27.0",
        "eslint-plugin-astro": "^1.3.1",
        "eslint-plugin-format": "^1.0.1",
        "eslint-plugin-react-hooks": "^5.2.0",
        "eslint-plugin-react-refresh": "^0.4.20",
        "eslint-plugin-solid": "^0.14.5",
        "eslint-plugin-svelte": "^3.8.2",
        "eslint-plugin-vuejs-accessibility": "^2.4.1",
        "eslint-typegen": "^2.2.0",
        "execa": "^9.5.3",
        "jiti": "^2.4.2",
        "lint-staged": "^16.0.0",
        "pnpm-workspace-yaml": "^0.3.1",
        "prettier-plugin-astro": "^0.14.1",
        "prettier-plugin-slidev": "^1.0.5",
        "simple-git-hooks": "^2.13.0",
        "svelte": "^5.32.1",
        "svelte-eslint-parser": "^1.2.0",
        "tinyglobby": "^0.2.13",
        "tsdown": "^0.11.13",
        "tsx": "^4.19.4",
        "typescript": "^5.8.3",
        "vitest": "^3.1.4",
        "vue": "^3.5.14"
      },
      "funding": {
        "url": "https://github.com/sponsors/antfu"
      },
      "peerDependencies": {
        "@eslint-react/eslint-plugin": "^1.38.4",
        "@prettier/plugin-xml": "^3.4.1",
        "@unocss/eslint-plugin": ">=0.50.0",
        "astro-eslint-parser": "^1.0.2",
        "eslint": "^9.10.0",
        "eslint-plugin-astro": "^1.2.0",
        "eslint-plugin-format": ">=0.1.0",
        "eslint-plugin-react-hooks": "^5.2.0",
        "eslint-plugin-react-refresh": "^0.4.19",
        "eslint-plugin-solid": "^0.14.3",
        "eslint-plugin-svelte": ">=2.35.1",
        "eslint-plugin-vuejs-accessibility": "^2.4.1",
        "prettier-plugin-astro": "^0.14.0",
        "prettier-plugin-slidev": "^1.0.5",
        "svelte-eslint-parser": ">=0.37.0"
      },
      "peerDependenciesMeta": {
        "@eslint-react/eslint-plugin": {
          "optional": true
        },
        "@prettier/plugin-xml": {
          "optional": true
        },
        "@unocss/eslint-plugin": {
          "optional": true
        },
        "astro-eslint-parser": {
          "optional": true
        },
        "eslint-plugin-astro": {
          "optional": true
        },
        "eslint-plugin-format": {
          "optional": true
        },
        "eslint-plugin-react-hooks": {
          "optional": true
        },
        "eslint-plugin-react-refresh": {
          "optional": true
        },
        "eslint-plugin-solid": {
          "optional": true
        },
        "eslint-plugin-svelte": {
          "optional": true
        },
        "eslint-plugin-vuejs-accessibility": {
          "optional": true
        },
        "prettier-plugin-astro": {
          "optional": true
        },
        "prettier-plugin-slidev": {
          "optional": true
        },
        "svelte-eslint-parser": {
          "optional": true
        }
      }
    },
    "../../node_modules/.pnpm/@hono+zod-validator@0.4.3_hono@4.7.10_zod@3.25.23/node_modules/@hono/zod-validator": {
      "version": "0.4.3",
      "license": "MIT",
      "devDependencies": {
        "hono": "^4.0.10",
        "publint": "^0.2.7",
        "tsup": "^8.1.0",
        "typescript": "^5.3.3",
        "vitest": "^1.4.0",
        "zod": "^3.22.4"
      },
      "peerDependencies": {
        "hono": ">=3.9.0",
        "zod": "^3.19.1"
      }
    },
    "../../node_modules/.pnpm/@neondatabase+serverless@0.10.4/node_modules/@neondatabase/serverless": {
      "version": "0.10.4",
      "license": "MIT",
      "dependencies": {
        "@types/pg": "8.11.6"
      }
    },
    "../../node_modules/.pnpm/@scalar+hono-api-reference@0.7.5_hono@4.7.10/node_modules/@scalar/hono-api-reference": {
      "version": "0.7.5",
      "license": "MIT",
      "dependencies": {
        "@scalar/core": "0.2.5"
      },
      "devDependencies": {
        "@hono/node-server": "^1.11.0",
        "@hono/zod-openapi": "^0.8.6",
        "@scalar/build-tooling": "0.1.17",
        "hono": "^4.6.5",
        "vite": "^5.4.10",
        "vitest": "^1.6.0"
      },
      "engines": {
        "node": ">=18"
      },
      "peerDependencies": {
        "hono": "^4.0.0"
      }
    },
    "../../node_modules/.pnpm/@types+jsonwebtoken@9.0.9/node_modules/@types/jsonwebtoken": {
      "version": "9.0.9",
      "license": "MIT",
      "dependencies": {
        "@types/ms": "*",
        "@types/node": "*"
      }
    },
    "../../node_modules/.pnpm/@types+pg@8.15.2/node_modules/@types/pg": {
      "version": "8.15.2",
      "dev": true,
      "license": "MIT",
      "dependencies": {
        "@types/node": "*",
        "pg-protocol": "*",
        "pg-types": "^4.0.1"
      }
    },
    "../../node_modules/.pnpm/@types+ws@8.18.1/node_modules/@types/ws": {
      "version": "8.18.1",
      "dev": true,
      "license": "MIT",
      "dependencies": {
        "@types/node": "*"
      }
    },
    "../../node_modules/.pnpm/better-auth@1.2.8/node_modules/better-auth": {
      "version": "1.2.8",
      "dependencies": {
        "@better-auth/utils": "0.2.5",
        "@better-fetch/fetch": "^1.1.18",
        "@noble/ciphers": "^0.6.0",
        "@noble/hashes": "^1.6.1",
        "@simplewebauthn/browser": "^13.0.0",
        "@simplewebauthn/server": "^13.0.0",
        "better-call": "^1.0.8",
        "defu": "^6.1.4",
        "jose": "^5.9.6",
        "kysely": "^0.28.1",
        "nanostores": "^0.11.3",
        "zod": "^3.24.1"
      },
      "devDependencies": {
        "@prisma/client": "^5.22.0",
        "@tanstack/react-start": "^1.114.34",
        "@types/better-sqlite3": "^7.6.12",
        "@types/pg": "^8.11.10",
        "@types/prompts": "^2.4.9",
        "@types/react": "^18.3.14",
        "better-sqlite3": "^11.6.0",
        "concurrently": "^9.1.2",
        "drizzle-orm": "^0.38.2",
        "happy-dom": "^15.11.7",
        "hono": "^4.6.13",
        "listhen": "^1.9.0",
        "mongodb": "^6.11.0",
        "mysql2": "^3.11.5",
        "next": "^15.2.3",
        "oauth2-mock-server": "^7.2.0",
        "pg": "^8.13.1",
        "prisma": "^5.22.0",
        "react": "^19.0.0",
        "react-native": "~0.74.6",
        "solid-js": "^1.9.3",
        "tarn": "^3.0.2",
        "tedious": "^18.6.1",
        "typescript": "^5.7.3",
        "unbuild": "^3.5.0",
        "vitest": "^1.6.0",
        "vue": "^3.5.13"
      }
    },
    "../../node_modules/.pnpm/dotenv-expand@12.0.2/node_modules/dotenv-expand": {
      "version": "12.0.2",
      "license": "BSD-2-Clause",
      "dependencies": {
        "dotenv": "^16.4.5"
      },
      "devDependencies": {
        "@types/node": "^18.11.3",
        "standard": "^16.0.4",
        "standard-version": "^9.5.0",
        "tap": "^16.3.0",
        "typescript": "^4.5.4"
      },
      "engines": {
        "node": ">=12"
      },
      "funding": {
        "url": "https://dotenvx.com"
      }
    },
    "../../node_modules/.pnpm/dotenv@16.5.0/node_modules/dotenv": {
      "version": "16.5.0",
      "license": "BSD-2-Clause",
      "devDependencies": {
        "@types/node": "^18.11.3",
        "decache": "^4.6.2",
        "sinon": "^14.0.1",
        "standard": "^17.0.0",
        "standard-version": "^9.5.0",
        "tap": "^19.2.0",
        "typescript": "^4.8.4"
      },
      "engines": {
        "node": ">=12"
      },
      "funding": {
        "url": "https://dotenvx.com"
      }
    },
    "../../node_modules/.pnpm/drizzle-kit@0.30.6/node_modules/drizzle-kit": {
      "version": "0.30.6",
      "dev": true,
      "license": "MIT",
      "dependencies": {
        "@drizzle-team/brocli": "^0.10.2",
        "@esbuild-kit/esm-loader": "^2.5.5",
        "esbuild": "^0.19.7",
        "esbuild-register": "^3.5.0",
        "gel": "^2.0.0"
      },
      "bin": {
        "drizzle-kit": "bin.cjs"
      },
      "devDependencies": {
        "@arethetypeswrong/cli": "^0.15.3",
        "@aws-sdk/client-rds-data": "^3.556.0",
        "@cloudflare/workers-types": "^4.20230518.0",
        "@electric-sql/pglite": "^0.2.12",
        "@hono/node-server": "^1.9.0",
        "@hono/zod-validator": "^0.2.1",
        "@libsql/client": "^0.10.0",
        "@neondatabase/serverless": "^0.9.1",
        "@originjs/vite-plugin-commonjs": "^1.0.3",
        "@planetscale/database": "^1.16.0",
        "@types/better-sqlite3": "^7.6.4",
        "@types/dockerode": "^3.3.28",
        "@types/glob": "^8.1.0",
        "@types/json-diff": "^1.0.3",
        "@types/micromatch": "^4.0.9",
        "@types/minimatch": "^5.1.2",
        "@types/node": "^18.11.15",
        "@types/pg": "^8.10.7",
        "@types/pluralize": "^0.0.33",
        "@types/semver": "^7.5.5",
        "@types/uuid": "^9.0.8",
        "@types/ws": "^8.5.10",
        "@typescript-eslint/eslint-plugin": "^7.2.0",
        "@typescript-eslint/parser": "^7.2.0",
        "@vercel/postgres": "^0.8.0",
        "ava": "^5.1.0",
        "better-sqlite3": "^9.4.3",
        "bun-types": "^0.6.6",
        "camelcase": "^7.0.1",
        "chalk": "^5.2.0",
        "commander": "^12.1.0",
        "dockerode": "^3.3.4",
        "dotenv": "^16.0.3",
        "drizzle-kit": "0.25.0-b1faa33",
        "drizzle-orm": "workspace:./drizzle-orm/dist",
        "env-paths": "^3.0.0",
        "esbuild-node-externals": "^1.9.0",
        "eslint": "^8.57.0",
        "eslint-config-prettier": "^9.1.0",
        "eslint-plugin-prettier": "^5.1.3",
        "get-port": "^6.1.2",
        "glob": "^8.1.0",
        "hanji": "^0.0.5",
        "hono": "^4.1.5",
        "json-diff": "1.0.6",
        "micromatch": "^4.0.8",
        "minimatch": "^7.4.3",
        "mysql2": "3.3.3",
        "node-fetch": "^3.3.2",
        "ohm-js": "^17.1.0",
        "pg": "^8.11.5",
        "pluralize": "^8.0.0",
        "postgres": "^3.4.4",
        "prettier": "^2.8.1",
        "semver": "^7.5.4",
        "superjson": "^2.2.1",
        "tsup": "^8.0.2",
        "tsx": "^3.12.1",
        "typescript": "^5.6.3",
        "uuid": "^9.0.1",
        "vite-tsconfig-paths": "^4.3.2",
        "vitest": "^1.4.0",
        "wrangler": "^3.22.1",
        "ws": "^8.16.0",
        "zod": "^3.20.2",
        "zx": "^8.3.2"
      }
    },
    "../../node_modules/.pnpm/drizzle-orm@0.40.1_@neondatabase+serverless@0.10.4_@types+pg@8.15.2_bun-types@1.2.14_gel@2.1.0_kysely@0.28.2_pg@8.16.0/node_modules/drizzle-orm": {
      "version": "0.40.1",
      "license": "Apache-2.0",
      "devDependencies": {
        "@aws-sdk/client-rds-data": "^3.549.0",
        "@cloudflare/workers-types": "^4.20241112.0",
        "@electric-sql/pglite": "^0.2.12",
        "@libsql/client": "^0.10.0",
        "@libsql/client-wasm": "^0.10.0",
        "@miniflare/d1": "^2.14.4",
        "@neondatabase/serverless": "^0.10.0",
        "@op-engineering/op-sqlite": "^2.0.16",
        "@opentelemetry/api": "^1.4.1",
        "@originjs/vite-plugin-commonjs": "^1.0.3",
        "@planetscale/database": "^1.16.0",
        "@prisma/client": "5.14.0",
        "@tidbcloud/serverless": "^0.1.1",
        "@types/better-sqlite3": "^7.6.4",
        "@types/node": "^20.2.5",
        "@types/pg": "^8.10.1",
        "@types/react": "^18.2.45",
        "@types/sql.js": "^1.4.4",
        "@vercel/postgres": "^0.8.0",
        "@xata.io/client": "^0.29.3",
        "better-sqlite3": "^8.4.0",
        "bun-types": "^1.2.0",
        "cpy": "^10.1.0",
        "expo-sqlite": "^14.0.0",
        "gel": "^2.0.0",
        "knex": "^2.4.2",
        "kysely": "^0.25.0",
        "mysql2": "^3.3.3",
        "pg": "^8.11.0",
        "postgres": "^3.3.5",
        "prisma": "5.14.0",
        "react": "^18.2.0",
        "sql.js": "^1.8.0",
        "sqlite3": "^5.1.2",
        "tslib": "^2.5.2",
        "tsx": "^3.12.7",
        "vite-tsconfig-paths": "^4.3.2",
        "vitest": "^1.6.0",
        "zod": "^3.20.2",
        "zx": "^7.2.2"
      },
      "peerDependencies": {
        "@aws-sdk/client-rds-data": ">=3",
        "@cloudflare/workers-types": ">=4",
        "@electric-sql/pglite": ">=0.2.0",
        "@libsql/client": ">=0.10.0",
        "@libsql/client-wasm": ">=0.10.0",
        "@neondatabase/serverless": ">=0.10.0",
        "@op-engineering/op-sqlite": ">=2",
        "@opentelemetry/api": "^1.4.1",
        "@planetscale/database": ">=1",
        "@prisma/client": "*",
        "@tidbcloud/serverless": "*",
        "@types/better-sqlite3": "*",
        "@types/pg": "*",
        "@types/sql.js": "*",
        "@vercel/postgres": ">=0.8.0",
        "@xata.io/client": "*",
        "better-sqlite3": ">=7",
        "bun-types": "*",
        "expo-sqlite": ">=14.0.0",
        "gel": ">=2",
        "knex": "*",
        "kysely": "*",
        "mysql2": ">=2",
        "pg": ">=8",
        "postgres": ">=3",
        "sql.js": ">=1",
        "sqlite3": ">=5"
      },
      "peerDependenciesMeta": {
        "@aws-sdk/client-rds-data": {
          "optional": true
        },
        "@cloudflare/workers-types": {
          "optional": true
        },
        "@electric-sql/pglite": {
          "optional": true
        },
        "@libsql/client": {
          "optional": true
        },
        "@libsql/client-wasm": {
          "optional": true
        },
        "@neondatabase/serverless": {
          "optional": true
        },
        "@op-engineering/op-sqlite": {
          "optional": true
        },
        "@opentelemetry/api": {
          "optional": true
        },
        "@planetscale/database": {
          "optional": true
        },
        "@prisma/client": {
          "optional": true
        },
        "@tidbcloud/serverless": {
          "optional": true
        },
        "@types/better-sqlite3": {
          "optional": true
        },
        "@types/pg": {
          "optional": true
        },
        "@types/sql.js": {
          "optional": true
        },
        "@vercel/postgres": {
          "optional": true
        },
        "@xata.io/client": {
          "optional": true
        },
        "better-sqlite3": {
          "optional": true
        },
        "bun-types": {
          "optional": true
        },
        "expo-sqlite": {
          "optional": true
        },
        "gel": {
          "optional": true
        },
        "knex": {
          "optional": true
        },
        "kysely": {
          "optional": true
        },
        "mysql2": {
          "optional": true
        },
        "pg": {
          "optional": true
        },
        "postgres": {
          "optional": true
        },
        "prisma": {
          "optional": true
        },
        "sql.js": {
          "optional": true
        },
        "sqlite3": {
          "optional": true
        }
      }
    },
    "../../node_modules/.pnpm/drizzle-zod@0.7.1_drizzle-orm@0.40.1_@neondatabase+serverless@0.10.4_@types+pg@8.15.2_b_61c1defd8e50d30519f1915680e1fdaf/node_modules/drizzle-zod": {
      "version": "0.7.1",
      "license": "Apache-2.0",
      "devDependencies": {
        "@rollup/plugin-typescript": "^11.1.0",
        "@types/node": "^18.15.10",
        "cpy": "^10.1.0",
        "drizzle-orm": "link:../drizzle-orm/dist",
        "json-rules-engine": "^7.3.0",
        "rimraf": "^5.0.0",
        "rollup": "^3.20.7",
        "vite-tsconfig-paths": "^4.3.2",
        "vitest": "^1.6.0",
        "zod": "^3.24.1",
        "zx": "^7.2.2"
      },
      "peerDependencies": {
        "drizzle-orm": ">=0.36.0",
        "zod": ">=3.0.0"
      }
    },
    "../../node_modules/.pnpm/eslint-plugin-format@1.0.1_eslint@9.27.0/node_modules/eslint-plugin-format": {
      "version": "1.0.1",
      "dev": true,
      "license": "MIT",
      "dependencies": {
        "@dprint/formatter": "^0.3.0",
        "@dprint/markdown": "^0.17.8",
        "@dprint/toml": "^0.6.4",
        "eslint-formatting-reporter": "^0.0.0",
        "eslint-parser-plain": "^0.1.1",
        "prettier": "^3.4.2",
        "synckit": "^0.9.2"
      },
      "devDependencies": {
        "@antfu/eslint-config": "^3.12.2",
        "@antfu/ni": "^0.23.2",
        "@antfu/utils": "^0.7.10",
        "@types/eslint": "^9.6.1",
        "@types/node": "^22.10.5",
        "bumpp": "^9.9.3",
        "eslint": "^9.17.0",
        "eslint-plugin-format": "workspace:*",
        "esno": "^4.8.0",
        "lint-staged": "^15.3.0",
        "pnpm": "^9.15.3",
        "rimraf": "^6.0.1",
        "simple-git-hooks": "^2.11.1",
        "typescript": "^5.7.2",
        "unbuild": "^3.2.0",
        "vite": "^6.0.7",
        "vitest": "^2.1.8"
      },
      "funding": {
        "url": "https://github.com/sponsors/antfu"
      },
      "peerDependencies": {
        "eslint": "^8.40.0 || ^9.0.0"
      }
    },
    "../../node_modules/.pnpm/eslint@9.27.0/node_modules/eslint": {
      "version": "9.27.0",
      "dev": true,
      "license": "MIT",
      "dependencies": {
        "@eslint-community/eslint-utils": "^4.2.0",
        "@eslint-community/regexpp": "^4.12.1",
        "@eslint/config-array": "^0.20.0",
        "@eslint/config-helpers": "^0.2.1",
        "@eslint/core": "^0.14.0",
        "@eslint/eslintrc": "^3.3.1",
        "@eslint/js": "9.27.0",
        "@eslint/plugin-kit": "^0.3.1",
        "@humanfs/node": "^0.16.6",
        "@humanwhocodes/module-importer": "^1.0.1",
        "@humanwhocodes/retry": "^0.4.2",
        "@types/estree": "^1.0.6",
        "@types/json-schema": "^7.0.15",
        "ajv": "^6.12.4",
        "chalk": "^4.0.0",
        "cross-spawn": "^7.0.6",
        "debug": "^4.3.2",
        "escape-string-regexp": "^4.0.0",
        "eslint-scope": "^8.3.0",
        "eslint-visitor-keys": "^4.2.0",
        "espree": "^10.3.0",
        "esquery": "^1.5.0",
        "esutils": "^2.0.2",
        "fast-deep-equal": "^3.1.3",
        "file-entry-cache": "^8.0.0",
        "find-up": "^5.0.0",
        "glob-parent": "^6.0.2",
        "ignore": "^5.2.0",
        "imurmurhash": "^0.1.4",
        "is-glob": "^4.0.0",
        "json-stable-stringify-without-jsonify": "^1.0.1",
        "lodash.merge": "^4.6.2",
        "minimatch": "^3.1.2",
        "natural-compare": "^1.4.0",
        "optionator": "^0.9.3"
      },
      "bin": {
        "eslint": "bin/eslint.js"
      },
      "devDependencies": {
        "@arethetypeswrong/cli": "^0.18.0",
        "@babel/core": "^7.4.3",
        "@babel/preset-env": "^7.4.3",
        "@cypress/webpack-preprocessor": "^6.0.2",
        "@eslint/json": "^0.12.0",
        "@trunkio/launcher": "^1.3.4",
        "@types/esquery": "^1.5.4",
        "@types/node": "^22.13.14",
        "@typescript-eslint/parser": "^8.4.0",
        "babel-loader": "^8.0.5",
        "c8": "^7.12.0",
        "chai": "^4.0.1",
        "cheerio": "^0.22.0",
        "common-tags": "^1.8.0",
        "core-js": "^3.1.3",
        "cypress": "^14.1.0",
        "ejs": "^3.0.2",
        "eslint": "file:.",
        "eslint-config-eslint": "file:packages/eslint-config-eslint",
        "eslint-plugin-eslint-plugin": "^6.0.0",
        "eslint-plugin-expect-type": "^0.6.0",
        "eslint-plugin-yml": "^1.14.0",
        "eslint-release": "^3.3.0",
        "eslint-rule-composer": "^0.3.0",
        "eslump": "^3.0.0",
        "esprima": "^4.0.1",
        "fast-glob": "^3.2.11",
        "fs-teardown": "^0.1.3",
        "glob": "^10.0.0",
        "globals": "^15.0.0",
        "got": "^11.8.3",
        "gray-matter": "^4.0.3",
        "jiti": "^2.1.0",
        "knip": "^5.32.0",
        "lint-staged": "^11.0.0",
        "load-perf": "^0.2.0",
        "markdown-it": "^12.2.0",
        "markdown-it-container": "^3.0.0",
        "marked": "^4.0.8",
        "metascraper": "^5.25.7",
        "metascraper-description": "^5.25.7",
        "metascraper-image": "^5.29.3",
        "metascraper-logo": "^5.25.7",
        "metascraper-logo-favicon": "^5.25.7",
        "metascraper-title": "^5.25.7",
        "mocha": "^10.7.3",
        "node-polyfill-webpack-plugin": "^1.0.3",
        "npm-license": "^0.3.3",
        "pirates": "^4.0.5",
        "progress": "^2.0.3",
        "proxyquire": "^2.0.1",
        "recast": "^0.23.0",
        "regenerator-runtime": "^0.14.0",
        "semver": "^7.5.3",
        "shelljs": "^0.9.0",
        "sinon": "^11.0.0",
        "typescript": "^5.3.3",
        "webpack": "^5.23.0",
        "webpack-cli": "^4.5.0",
        "yorkie": "^2.0.0"
      },
      "engines": {
        "node": "^18.18.0 || ^20.9.0 || >=21.1.0"
      },
      "funding": {
        "url": "https://eslint.org/donate"
      },
      "peerDependencies": {
        "jiti": "*"
      },
      "peerDependenciesMeta": {
        "jiti": {
          "optional": true
        }
      }
    },
    "../../node_modules/.pnpm/hono-openapi@0.4.8_@hono+zod-validator@0.4.3_hono@4.7.10_zod@3.25.23__hono@4.7.10_opena_3580aa0cc8996387a189820bfb1e7005/node_modules/hono-openapi": {
      "version": "0.4.8",
      "license": "MIT",
      "dependencies": {
        "json-schema-walker": "^2.0.0"
      },
      "devDependencies": {
        "@apidevtools/json-schema-ref-parser": "^12.0.1",
        "@rollup/plugin-terser": "^0.4.4",
        "@types/json-schema": "^7.0.15"
      },
      "peerDependencies": {
        "@hono/arktype-validator": "^2.0.0",
        "@hono/effect-validator": "^1.2.0",
        "@hono/typebox-validator": "^0.2.0 || ^0.3.0",
        "@hono/valibot-validator": "^0.5.1",
        "@hono/zod-validator": "^0.4.1",
        "@sinclair/typebox": "^0.34.9",
        "@valibot/to-json-schema": "^1.0.0-beta.3",
        "arktype": "^2.0.0",
        "effect": "^3.11.3",
        "hono": "^4.6.13",
        "openapi-types": "^12.1.3",
        "valibot": "^1.0.0-beta.9",
        "zod": "^3.23.8",
        "zod-openapi": "^4.0.0"
      },
      "peerDependenciesMeta": {
        "@hono/arktype-validator": {
          "optional": true
        },
        "@hono/effect-validator": {
          "optional": true
        },
        "@hono/typebox-validator": {
          "optional": true
        },
        "@hono/valibot-validator": {
          "optional": true
        },
        "@hono/zod-validator": {
          "optional": true
        },
        "@sinclair/typebox": {
          "optional": true
        },
        "@valibot/to-json-schema": {
          "optional": true
        },
        "arktype": {
          "optional": true
        },
        "effect": {
          "optional": true
        },
        "hono": {
          "optional": true
        },
        "valibot": {
          "optional": true
        },
        "zod": {
          "optional": true
        },
        "zod-openapi": {
          "optional": true
        }
      }
    },
    "../../node_modules/.pnpm/hono-pino@0.8.0_hono@4.7.10_pino@9.7.0/node_modules/hono-pino": {
      "version": "0.8.0",
      "license": "MIT",
      "dependencies": {
        "defu": "^6.1.4"
      },
      "devDependencies": {
        "@edge-runtime/vm": "^4.0.4",
        "@eslint/js": "^9.5.0",
        "@types/node": "^20.14.2",
        "@vitest/coverage-v8": "^2.1.3",
        "eslint": "^8.57.0",
        "hono": "^4.6.20",
        "husky": "^9.0.11",
        "jsr": "^0.13.2",
        "lint-staged": "^15.2.7",
        "pino": "^9.4.0",
        "prettier": "^3.3.2",
        "tsup": "^8.1.0",
        "typescript": "^5.7.3",
        "typescript-eslint": "^7.13.0",
        "vitest": "^2.1.3"
      },
      "engines": {
        "node": ">=18"
      },
      "peerDependencies": {
        "hono": ">=4.0.0",
        "pino": ">=7.1.0"
      }
    },
    "../../node_modules/.pnpm/hono@4.7.10/node_modules/hono": {
      "version": "4.7.10",
      "license": "MIT",
      "devDependencies": {
        "@hono/eslint-config": "^1.0.2",
        "@hono/node-server": "^1.13.5",
        "@types/glob": "^8.1.0",
        "@types/jsdom": "^21.1.7",
        "@types/node": "20.11.4",
        "@types/supertest": "^2.0.16",
        "@vitest/coverage-v8": "^3.0.5",
        "arg": "^5.0.2",
        "bun-types": "^1.1.39",
        "esbuild": "^0.15.18",
        "eslint": "^9.10.0",
        "glob": "^11.0.0",
        "jsdom": "^22.1.0",
        "msw": "^2.6.0",
        "np": "10.2.0",
        "prettier": "^2.6.2",
        "publint": "^0.1.16",
        "supertest": "^6.3.4",
        "typescript": "^5.3.3",
        "vite-plugin-fastly-js-compute": "^0.4.2",
        "vitest": "^3.0.5",
        "wrangler": "4.12.0",
        "ws": "^8.18.0",
        "zod": "^3.23.8"
      },
      "engines": {
        "node": ">=16.9.0"
      }
    },
    "../../node_modules/.pnpm/jsonwebtoken@9.0.2/node_modules/jsonwebtoken": {
      "version": "9.0.2",
      "license": "MIT",
      "dependencies": {
        "jws": "^3.2.2",
        "lodash.includes": "^4.3.0",
        "lodash.isboolean": "^3.0.3",
        "lodash.isinteger": "^4.0.4",
        "lodash.isnumber": "^3.0.3",
        "lodash.isplainobject": "^4.0.6",
        "lodash.isstring": "^4.0.1",
        "lodash.once": "^4.0.0",
        "ms": "^2.1.1",
        "semver": "^7.5.4"
      },
      "devDependencies": {
        "atob": "^2.1.2",
        "chai": "^4.1.2",
        "conventional-changelog": "~1.1.0",
        "cost-of-modules": "^1.0.1",
        "eslint": "^4.19.1",
        "mocha": "^5.2.0",
        "nsp": "^2.6.2",
        "nyc": "^11.9.0",
        "sinon": "^6.0.0"
      },
      "engines": {
        "node": ">=12",
        "npm": ">=6"
      }
    },
    "../../node_modules/.pnpm/pg@8.16.0/node_modules/pg": {
      "version": "8.16.0",
      "license": "MIT",
      "dependencies": {
        "pg-connection-string": "^2.9.0",
        "pg-pool": "^3.10.0",
        "pg-protocol": "^1.10.0",
        "pg-types": "2.2.0",
        "pgpass": "1.0.5"
      },
      "devDependencies": {
        "@cloudflare/vitest-pool-workers": "0.8.23",
        "@cloudflare/workers-types": "^4.20230404.0",
        "async": "2.6.4",
        "bluebird": "3.7.2",
        "co": "4.6.0",
        "pg-copy-streams": "0.3.0",
        "typescript": "^4.0.3",
        "vitest": "~3.0.9",
        "wrangler": "^3.x"
      },
      "engines": {
        "node": ">= 8.0.0"
      },
      "optionalDependencies": {
        "pg-cloudflare": "^1.2.5"
      },
      "peerDependencies": {
        "pg-native": ">=3.0.1"
      },
      "peerDependenciesMeta": {
        "pg-native": {
          "optional": true
        }
      }
    },
    "../../node_modules/.pnpm/pino-pretty@13.0.0/node_modules/pino-pretty": {
      "version": "13.0.0",
      "license": "MIT",
      "dependencies": {
        "colorette": "^2.0.7",
        "dateformat": "^4.6.3",
        "fast-copy": "^3.0.2",
        "fast-safe-stringify": "^2.1.1",
        "help-me": "^5.0.0",
        "joycon": "^3.1.1",
        "minimist": "^1.2.6",
        "on-exit-leak-free": "^2.1.0",
        "pino-abstract-transport": "^2.0.0",
        "pump": "^3.0.0",
        "secure-json-parse": "^2.4.0",
        "sonic-boom": "^4.0.1",
        "strip-json-comments": "^3.1.1"
      },
      "bin": {
        "pino-pretty": "bin.js"
      },
      "devDependencies": {
        "@arethetypeswrong/cli": "^0.16.1",
        "@types/node": "^22.0.0",
        "fastbench": "^1.0.1",
        "pino": "^9.0.0",
        "pre-commit": "^1.2.2",
        "rimraf": "^3.0.2",
        "semver": "^7.6.0",
        "snazzy": "^9.0.0",
        "standard": "^17.0.0",
        "tap": "^16.0.0",
        "tsd": "^0.31.0",
        "typescript": "~5.6.3"
      }
    },
    "../../node_modules/.pnpm/pino@9.7.0/node_modules/pino": {
      "version": "9.7.0",
      "license": "MIT",
      "dependencies": {
        "atomic-sleep": "^1.0.0",
        "fast-redact": "^3.1.1",
        "on-exit-leak-free": "^2.1.0",
        "pino-abstract-transport": "^2.0.0",
        "pino-std-serializers": "^7.0.0",
        "process-warning": "^5.0.0",
        "quick-format-unescaped": "^4.0.3",
        "real-require": "^0.2.0",
        "safe-stable-stringify": "^2.3.1",
        "sonic-boom": "^4.0.1",
        "thread-stream": "^3.0.0"
      },
      "bin": {
        "pino": "bin.js"
      },
      "devDependencies": {
        "@types/flush-write-stream": "^1.0.0",
        "@types/node": "^22.0.0",
        "@types/tap": "^15.0.6",
        "@yao-pkg/pkg": "6.3.0",
        "airtap": "5.0.0",
        "benchmark": "^2.1.4",
        "bole": "^5.0.5",
        "bunyan": "^1.8.14",
        "debug": "^4.3.4",
        "docsify-cli": "^4.4.4",
        "eslint": "^8.17.0",
        "eslint-config-standard": "^17.0.0",
        "eslint-plugin-import": "^2.26.0",
        "eslint-plugin-n": "15.7.0",
        "eslint-plugin-node": "^11.1.0",
        "eslint-plugin-promise": "^6.0.0",
        "execa": "^5.0.0",
        "fastbench": "^1.0.1",
        "flush-write-stream": "^2.0.0",
        "import-fresh": "^3.2.1",
        "jest": "^29.0.3",
        "log": "^6.0.0",
        "loglevel": "^1.6.7",
        "midnight-smoker": "1.1.1",
        "pino-pretty": "^11.0.0",
        "pre-commit": "^1.2.2",
        "proxyquire": "^2.1.3",
        "pump": "^3.0.0",
        "rimraf": "^6.0.1",
        "semver": "^7.3.7",
        "split2": "^4.0.0",
        "steed": "^1.1.3",
        "strip-ansi": "^6.0.0",
        "tap": "^16.2.0",
        "tape": "^5.5.3",
        "through2": "^4.0.0",
        "ts-node": "^10.9.1",
        "tsd": "^0.32.0",
        "typescript": "~5.8.2",
        "winston": "^3.7.2"
      }
    },
    "../../node_modules/.pnpm/stoker@1.4.2_@asteasolutions+zod-to-openapi@7.3.2_zod@3.25.23__hono@4.7.10_openapi3-ts@4.4.0/node_modules/stoker": {
      "version": "1.4.2",
      "license": "MIT",
      "devDependencies": {
        "@antfu/eslint-config": "^3.10.0",
        "@antfu/ni": "^0.23.1",
        "@antfu/utils": "^0.7.10",
        "@asteasolutions/zod-to-openapi": "^7.2.0",
        "@hono/zod-openapi": "^0.18.0",
        "@types/node": "^22.10.0",
        "bumpp": "^9.8.1",
        "eslint": "^9.15.0",
        "eslint-plugin-format": "^0.1.2",
        "esno": "^4.8.0",
        "fast-glob": "^3.3.2",
        "hono": "^4.6.12",
        "lint-staged": "^15.2.10",
        "openapi3-ts": "^4.4.0",
        "pnpm": "^9.9.0",
        "simple-git-hooks": "^2.11.1",
        "ts-morph": "^24.0.0",
        "tsx": "^4.19.2",
        "typescript": "^5.7.2",
        "unbuild": "^2.0.0",
        "vite": "^6.0.0",
        "vitest": "^2.1.5"
      },
      "peerDependencies": {
        "@asteasolutions/zod-to-openapi": "^7.0.0",
        "@hono/zod-openapi": ">=0.16.0",
        "hono": "^4.0.0",
        "openapi3-ts": "^4.4.0"
      },
      "peerDependenciesMeta": {
        "@hono/zod-openapi": {
          "optional": true
        }
      }
    },
    "../../node_modules/.pnpm/tsx@4.19.4/node_modules/tsx": {
      "version": "4.19.4",
      "dev": true,
      "license": "MIT",
      "dependencies": {
        "esbuild": "~0.25.0",
        "get-tsconfig": "^4.7.5"
      },
      "bin": {
        "tsx": "dist/cli.mjs"
      },
      "engines": {
        "node": ">=18.0.0"
      },
      "optionalDependencies": {
        "fsevents": "~2.3.3"
      }
    },
    "../../node_modules/.pnpm/ws@8.18.2/node_modules/ws": {
      "version": "8.18.2",
      "license": "MIT",
      "devDependencies": {
        "benchmark": "^2.1.4",
        "bufferutil": "^4.0.1",
        "eslint": "^9.0.0",
        "eslint-config-prettier": "^10.0.1",
        "eslint-plugin-prettier": "^5.0.0",
        "globals": "^16.0.0",
        "mocha": "^8.4.0",
        "nyc": "^15.0.0",
        "prettier": "^3.0.0",
        "utf-8-validate": "^6.0.0"
      },
      "engines": {
        "node": ">=10.0.0"
      },
      "peerDependencies": {
        "bufferutil": "^4.0.1",
        "utf-8-validate": ">=5.0.2"
      },
      "peerDependenciesMeta": {
        "bufferutil": {
          "optional": true
        },
        "utf-8-validate": {
          "optional": true
        }
      }
    },
    "../../node_modules/.pnpm/zod-openapi@4.2.4_zod@3.25.23/node_modules/zod-openapi": {
      "version": "4.2.4",
      "license": "MIT",
      "devDependencies": {
        "@arethetypeswrong/cli": "0.17.2",
        "@crackle/cli": "0.15.5",
        "@redocly/cli": "1.34.0",
        "@types/node": "^20.3.0",
        "eslint-plugin-zod-openapi": "1.0.0",
        "openapi3-ts": "4.4.0",
        "skuba": "10.1.0",
        "yaml": "2.7.0",
        "zod": "3.24.2"
      },
      "engines": {
        "node": ">=18"
      },
      "peerDependencies": {
        "zod": "^3.21.4"
      }
    },
    "../../node_modules/.pnpm/zod@3.25.23/node_modules/zod": {
      "version": "3.25.23",
      "license": "MIT",
      "funding": {
        "url": "https://github.com/sponsors/colinhacks"
      }
    },
    "node_modules/@antfu/eslint-config": {
      "resolved": "../../node_modules/.pnpm/@antfu+eslint-config@4.13.2_@vue+compiler-sfc@3.5.14_eslint-plugin-format@1.0.1_eslint@_6bf2f9b6e8c7b0f2f8962942d23957f0/node_modules/@antfu/eslint-config",
      "link": true
    },
    "node_modules/@hono/zod-validator": {
      "resolved": "../../node_modules/.pnpm/@hono+zod-validator@0.4.3_hono@4.7.10_zod@3.25.23/node_modules/@hono/zod-validator",
      "link": true
    },
    "node_modules/@neondatabase/serverless": {
      "resolved": "../../node_modules/.pnpm/@neondatabase+serverless@0.10.4/node_modules/@neondatabase/serverless",
      "link": true
    },
    "node_modules/@scalar/hono-api-reference": {
      "resolved": "../../node_modules/.pnpm/@scalar+hono-api-reference@0.7.5_hono@4.7.10/node_modules/@scalar/hono-api-reference",
      "link": true
    },
    "node_modules/@types/bun": {
      "version": "1.2.14",
      "resolved": "https://registry.npmjs.org/@types/bun/-/bun-1.2.14.tgz",
      "integrity": "sha512-VsFZKs8oKHzI7zwvECiAJ5oSorWndIWEVhfbYqZd4HI/45kzW7PN2Rr5biAzvGvRuNmYLSANY+H59ubHq8xw7Q==",
      "dev": true,
      "license": "MIT",
      "dependencies": {
        "bun-types": "1.2.14"
      }
    },
    "node_modules/@types/jsonwebtoken": {
      "resolved": "../../node_modules/.pnpm/@types+jsonwebtoken@9.0.9/node_modules/@types/jsonwebtoken",
      "link": true
    },
    "node_modules/@types/node": {
      "version": "22.15.21",
      "resolved": "https://registry.npmjs.org/@types/node/-/node-22.15.21.tgz",
      "integrity": "sha512-EV/37Td6c+MgKAbkcLG6vqZ2zEYHD7bvSrzqqs2RIhbA6w3x+Dqz8MZM3sP6kGTeLrdoOgKZe+Xja7tUB2DNkQ==",
      "dev": true,
      "license": "MIT",
      "dependencies": {
        "undici-types": "~6.21.0"
      }
    },
    "node_modules/@types/pg": {
      "resolved": "../../node_modules/.pnpm/@types+pg@8.15.2/node_modules/@types/pg",
      "link": true
    },
    "node_modules/@types/ws": {
      "resolved": "../../node_modules/.pnpm/@types+ws@8.18.1/node_modules/@types/ws",
      "link": true
    },
    "node_modules/better-auth": {
      "resolved": "../../node_modules/.pnpm/better-auth@1.2.8/node_modules/better-auth",
      "link": true
    },
    "node_modules/bun-types": {
      "version": "1.2.14",
      "resolved": "https://registry.npmjs.org/bun-types/-/bun-types-1.2.14.tgz",
      "integrity": "sha512-Kuh4Ub28ucMRWeiUUWMHsT9Wcbr4H3kLIO72RZZElSDxSu7vpetRvxIUDUaW6QtaIeixIpm7OXtNnZPf82EzwA==",
      "dev": true,
      "license": "MIT",
      "dependencies": {
        "@types/node": "*"
      }
    },
    "node_modules/dotenv": {
      "resolved": "../../node_modules/.pnpm/dotenv@16.5.0/node_modules/dotenv",
      "link": true
    },
    "node_modules/dotenv-expand": {
      "resolved": "../../node_modules/.pnpm/dotenv-expand@12.0.2/node_modules/dotenv-expand",
      "link": true
    },
    "node_modules/drizzle-kit": {
      "resolved": "../../node_modules/.pnpm/drizzle-kit@0.30.6/node_modules/drizzle-kit",
      "link": true
    },
    "node_modules/drizzle-orm": {
      "resolved": "../../node_modules/.pnpm/drizzle-orm@0.40.1_@neondatabase+serverless@0.10.4_@types+pg@8.15.2_bun-types@1.2.14_gel@2.1.0_kysely@0.28.2_pg@8.16.0/node_modules/drizzle-orm",
      "link": true
    },
    "node_modules/drizzle-zod": {
      "resolved": "../../node_modules/.pnpm/drizzle-zod@0.7.1_drizzle-orm@0.40.1_@neondatabase+serverless@0.10.4_@types+pg@8.15.2_b_61c1defd8e50d30519f1915680e1fdaf/node_modules/drizzle-zod",
      "link": true
    },
    "node_modules/eslint": {
      "resolved": "../../node_modules/.pnpm/eslint@9.27.0/node_modules/eslint",
      "link": true
    },
    "node_modules/eslint-plugin-format": {
      "resolved": "../../node_modules/.pnpm/eslint-plugin-format@1.0.1_eslint@9.27.0/node_modules/eslint-plugin-format",
      "link": true
    },
    "node_modules/hono": {
      "resolved": "../../node_modules/.pnpm/hono@4.7.10/node_modules/hono",
      "link": true
    },
    "node_modules/hono-openapi": {
      "resolved": "../../node_modules/.pnpm/hono-openapi@0.4.8_@hono+zod-validator@0.4.3_hono@4.7.10_zod@3.25.23__hono@4.7.10_opena_3580aa0cc8996387a189820bfb1e7005/node_modules/hono-openapi",
      "link": true
    },
    "node_modules/hono-pino": {
      "resolved": "../../node_modules/.pnpm/hono-pino@0.8.0_hono@4.7.10_pino@9.7.0/node_modules/hono-pino",
      "link": true
    },
    "node_modules/jsonwebtoken": {
      "resolved": "../../node_modules/.pnpm/jsonwebtoken@9.0.2/node_modules/jsonwebtoken",
      "link": true
    },
    "node_modules/pg": {
      "resolved": "../../node_modules/.pnpm/pg@8.16.0/node_modules/pg",
      "link": true
    },
    "node_modules/pino": {
      "resolved": "../../node_modules/.pnpm/pino@9.7.0/node_modules/pino",
      "link": true
    },
    "node_modules/pino-pretty": {
      "resolved": "../../node_modules/.pnpm/pino-pretty@13.0.0/node_modules/pino-pretty",
      "link": true
    },
    "node_modules/stoker": {
      "resolved": "../../node_modules/.pnpm/stoker@1.4.2_@asteasolutions+zod-to-openapi@7.3.2_zod@3.25.23__hono@4.7.10_openapi3-ts@4.4.0/node_modules/stoker",
      "link": true
    },
    "node_modules/tsx": {
      "resolved": "../../node_modules/.pnpm/tsx@4.19.4/node_modules/tsx",
      "link": true
    },
    "node_modules/undici-types": {
      "version": "6.21.0",
      "resolved": "https://registry.npmjs.org/undici-types/-/undici-types-6.21.0.tgz",
      "integrity": "sha512-iwDZqg0QAGrg9Rav5H4n0M64c3mkR59cJ6wQp+7C4nI0gsmExaedaYLNO44eT4AtBBwjbTiGPMlt2Md0T9H9JQ==",
      "dev": true,
      "license": "MIT"
    },
    "node_modules/ws": {
      "resolved": "../../node_modules/.pnpm/ws@8.18.2/node_modules/ws",
      "link": true
    },
    "node_modules/zod": {
      "resolved": "../../node_modules/.pnpm/zod@3.25.23/node_modules/zod",
      "link": true
    },
    "node_modules/zod-openapi": {
      "resolved": "../../node_modules/.pnpm/zod-openapi@4.2.4_zod@3.25.23/node_modules/zod-openapi",
      "link": true
    }
  }
}
